{
  "version": 4,
  "terraform_version": "1.2.8",
  "serial": 5,
  "lineage": "1d426c6c-bb37-065b-0c91-cbb9642c3375",
  "outputs": {
    "external_ip_address_node01_yandex_cloud": {
      "value": "51.250.74.114",
      "type": "string"
    },
    "internal_ip_address_node01_yandex_cloud": {
      "value": "192.168.101.25",
      "type": "string"
    }
  },
  "resources": [
    {
      "mode": "managed",
      "type": "yandex_compute_instance",
      "name": "node01",
      "provider": "provider[\"registry.terraform.io/yandex-cloud/yandex\"]",
      "instances": [
        {
          "schema_version": 1,
          "attributes": {
            "allow_recreate": null,
            "allow_stopping_for_update": true,
            "boot_disk": [
              {
                "auto_delete": true,
                "device_name": "fhme3vjhltcu17pi46op",
                "disk_id": "fhme3vjhltcu17pi46op",
                "initialize_params": [
                  {
                    "block_size": 4096,
                    "description": "",
                    "image_id": "fd8as6ep8jm0hsfe3bku",
                    "name": "root-node01",
                    "size": 50,
                    "snapshot_id": "",
                    "type": "network-ssd"
                  }
                ],
                "mode": "READ_WRITE"
              }
            ],
            "created_at": "2022-08-29T06:55:12Z",
            "description": "",
            "folder_id": "b1g3n75qfvd49lo99rpo",
            "fqdn": "node01.netology.cloud",
            "hostname": "node01.netology.cloud",
            "id": "fhmsfv74mps129jrgiak",
            "labels": null,
            "local_disk": [],
            "metadata": {
              "ssh-keys": "centos:ssh-rsa AAAAB3NzaC1yc2EAAAADAQABAAACAQDt1mBcLMBDh1MkBids0Gmdq4FBlQiWOoUAmrOijs73b+Ge1MxXsuc5hoA44YWrKNNWD4LfGyT32UL2VHqd1EOKGD3poQPbDEE0qo3SIedND8Th5vifUNblWJPvCM2oMoncnAea6EU5J1WQkSPm5jDHHn5UUHsdV+4O6pIFpAM1mVbHC/FtoTtjar8b16mhfjMoH/7yhiIHmsfQhNl+nOYcsGBczet8Kay7eKBV8pvv7u4gc8/rQ41OQ2Hzf64ZQYGf5L4RLh9+qBgMExCPSGyRZMWV8in7t6yDiWVC6IYtbTJRwjaWQ0oRmseqBpBnKtH9FAR4t54hp6/F4gL3TFwCSD+KtmT4o3iYNJUDcECFqA4yApOcukskUvbVS7FsScQmO3h4i+moDISkJKl5gC3lROmHthFfxm1N+8OcwAWZuNAFJJONrvVmf1Gt/4Zzk9H/16sdzVUBf6+kiBcZ5D5Cavfy5+BwB5Tyt0pVQIv1BxPJ5yNh3+8wYsztLgRYHytoYfvuIb7NgxKhhRpYb7VFNjOqYGGFW/0Jz6f7iI5BvFS91EA/RgWSt9oGdaZRL08cst85cEy7unqdgDDnJWCEnvOf0RCvK7MdqfzH8GWVLgD6X9ocTf5xyDbgh63DOgc67f/ARtkPISoi81mSc8/8oxjKKYpEI93jC4hLq1badw== phantom_intel@mail.ru\n"
            },
            "name": "node01",
            "network_acceleration_type": "standard",
            "network_interface": [
              {
                "dns_record": [],
                "index": 0,
                "ip_address": "192.168.101.25",
                "ipv4": true,
                "ipv6": false,
                "ipv6_address": "",
                "ipv6_dns_record": [],
                "mac_address": "d0:0d:1c:7f:ce:4b",
                "nat": true,
                "nat_dns_record": [],
                "nat_ip_address": "51.250.74.114",
                "nat_ip_version": "IPV4",
                "security_group_ids": [],
                "subnet_id": "e9bdm8qkhb7lt57e0cdm"
              }
            ],
            "placement_policy": [
              {
                "host_affinity_rules": [],
                "placement_group_id": ""
              }
            ],
            "platform_id": "standard-v1",
            "resources": [
              {
                "core_fraction": 100,
                "cores": 8,
                "gpus": 0,
                "memory": 8
              }
            ],
            "scheduling_policy": [
              {
                "preemptible": false
              }
            ],
            "secondary_disk": [],
            "service_account_id": "",
            "status": "running",
            "timeouts": null,
            "zone": "ru-central1-a"
          },
          "sensitive_attributes": [],
          "private": "eyJlMmJmYjczMC1lY2FhLTExZTYtOGY4OC0zNDM2M2JjN2M0YzAiOnsiY3JlYXRlIjozMDAwMDAwMDAwMDAsImRlbGV0ZSI6MzAwMDAwMDAwMDAwLCJ1cGRhdGUiOjMwMDAwMDAwMDAwMH0sInNjaGVtYV92ZXJzaW9uIjoiMSJ9",
          "dependencies": [
            "yandex_vpc_network.default",
            "yandex_vpc_subnet.default"
          ]
        }
      ]
    },
    {
      "mode": "managed",
      "type": "yandex_vpc_network",
      "name": "default",
      "provider": "provider[\"registry.terraform.io/yandex-cloud/yandex\"]",
      "instances": [
        {
          "schema_version": 0,
          "attributes": {
            "created_at": "2022-08-29T06:55:09Z",
            "default_security_group_id": "",
            "description": "",
            "folder_id": "b1g3n75qfvd49lo99rpo",
            "id": "enpjfi73feue5sqmksqi",
            "labels": {},
            "name": "net",
            "subnet_ids": [],
            "timeouts": null
          },
          "sensitive_attributes": [],
          "private": "eyJlMmJmYjczMC1lY2FhLTExZTYtOGY4OC0zNDM2M2JjN2M0YzAiOnsiY3JlYXRlIjo2MDAwMDAwMDAwMCwiZGVsZXRlIjo2MDAwMDAwMDAwMCwidXBkYXRlIjo2MDAwMDAwMDAwMH19"
        }
      ]
    },
    {
      "mode": "managed",
      "type": "yandex_vpc_subnet",
      "name": "default",
      "provider": "provider[\"registry.terraform.io/yandex-cloud/yandex\"]",
      "instances": [
        {
          "schema_version": 0,
          "attributes": {
            "created_at": "2022-08-29T06:55:10Z",
            "description": "",
            "dhcp_options": [],
            "folder_id": "b1g3n75qfvd49lo99rpo",
            "id": "e9bdm8qkhb7lt57e0cdm",
            "labels": {},
            "name": "subnet",
            "network_id": "enpjfi73feue5sqmksqi",
            "route_table_id": "",
            "timeouts": null,
            "v4_cidr_blocks": [
              "192.168.101.0/24"
            ],
            "v6_cidr_blocks": [],
            "zone": "ru-central1-a"
          },
          "sensitive_attributes": [],
          "private": "eyJlMmJmYjczMC1lY2FhLTExZTYtOGY4OC0zNDM2M2JjN2M0YzAiOnsiY3JlYXRlIjoxODAwMDAwMDAwMDAsImRlbGV0ZSI6MTgwMDAwMDAwMDAwLCJ1cGRhdGUiOjE4MDAwMDAwMDAwMH19",
          "dependencies": [
            "yandex_vpc_network.default"
          ]
        }
      ]
    }
  ]
}
