{
  "version": 4,
  "terraform_version": "1.2.8",
  "serial": 43,
  "lineage": "3f1cd629-67c9-1bd2-67a2-85f2f297d252",
  "outputs": {
    "external_ip_address_node01": {
      "value": "51.250.86.63",
      "type": "string"
    },
    "external_ip_address_node02": {
      "value": "51.250.85.37",
      "type": "string"
    },
    "external_ip_address_node03": {
      "value": "51.250.83.220",
      "type": "string"
    },
    "external_ip_address_node04": {
      "value": "51.250.70.68",
      "type": "string"
    },
    "external_ip_address_node05": {
      "value": "51.250.72.1",
      "type": "string"
    },
    "external_ip_address_node06": {
      "value": "51.250.81.158",
      "type": "string"
    },
    "internal_ip_address_node01": {
      "value": "192.168.101.11",
      "type": "string"
    },
    "internal_ip_address_node02": {
      "value": "192.168.101.12",
      "type": "string"
    },
    "internal_ip_address_node03": {
      "value": "192.168.101.13",
      "type": "string"
    },
    "internal_ip_address_node04": {
      "value": "192.168.101.14",
      "type": "string"
    },
    "internal_ip_address_node05": {
      "value": "192.168.101.15",
      "type": "string"
    },
    "internal_ip_address_node06": {
      "value": "192.168.101.16",
      "type": "string"
    }
  },
  "resources": [
    {
      "mode": "managed",
      "type": "local_file",
      "name": "inventory",
      "provider": "provider[\"registry.terraform.io/hashicorp/local\"]",
      "instances": [
        {
          "schema_version": 0,
          "attributes": {
            "content": "# Ansible inventory containing variable values from Terraform.\n# Generated by Terraform.\n\n[nodes:children]\nmanagers\nworkers\n\n[managers:children]\nactive\nstandby\n\n[active]\nnode01.netology.yc ansible_host=51.250.86.63\n\n[standby]\nnode02.netology.yc ansible_host=51.250.85.37\nnode03.netology.yc ansible_host=51.250.83.220\n\n[workers]\nnode04.netology.yc ansible_host=51.250.70.68\nnode05.netology.yc ansible_host=51.250.72.1\nnode06.netology.yc ansible_host=51.250.81.158\n",
            "content_base64": null,
            "directory_permission": "0777",
            "file_permission": "0777",
            "filename": "../ansible/inventory",
            "id": "97dbc0c77e7fe1a05fda91dd2e80308f03cde42c",
            "sensitive_content": null,
            "source": null
          },
          "sensitive_attributes": [],
          "private": "bnVsbA==",
          "dependencies": [
            "yandex_compute_instance.node01",
            "yandex_compute_instance.node02",
            "yandex_compute_instance.node03",
            "yandex_compute_instance.node04",
            "yandex_compute_instance.node05",
            "yandex_compute_instance.node06",
            "yandex_vpc_network.default",
            "yandex_vpc_subnet.default"
          ]
        }
      ]
    },
    {
      "mode": "managed",
      "type": "null_resource",
      "name": "cluster",
      "provider": "provider[\"registry.terraform.io/hashicorp/null\"]",
      "instances": [
        {
          "schema_version": 0,
          "attributes": {
            "id": "5632818913502436885",
            "triggers": null
          },
          "sensitive_attributes": [],
          "private": "bnVsbA==",
          "dependencies": [
            "local_file.inventory",
            "null_resource.wait",
            "yandex_compute_instance.node01",
            "yandex_compute_instance.node02",
            "yandex_compute_instance.node03",
            "yandex_compute_instance.node04",
            "yandex_compute_instance.node05",
            "yandex_compute_instance.node06",
            "yandex_vpc_network.default",
            "yandex_vpc_subnet.default"
          ]
        }
      ]
    },
    {
      "mode": "managed",
      "type": "null_resource",
      "name": "monitoring",
      "provider": "provider[\"registry.terraform.io/hashicorp/null\"]",
      "instances": [
        {
          "schema_version": 0,
          "attributes": {
            "id": "3389086681542328619",
            "triggers": null
          },
          "sensitive_attributes": [],
          "private": "bnVsbA==",
          "dependencies": [
            "local_file.inventory",
            "null_resource.cluster",
            "null_resource.sync",
            "null_resource.wait",
            "yandex_compute_instance.node01",
            "yandex_compute_instance.node02",
            "yandex_compute_instance.node03",
            "yandex_compute_instance.node04",
            "yandex_compute_instance.node05",
            "yandex_compute_instance.node06",
            "yandex_vpc_network.default",
            "yandex_vpc_subnet.default"
          ]
        }
      ]
    },
    {
      "mode": "managed",
      "type": "null_resource",
      "name": "sync",
      "provider": "provider[\"registry.terraform.io/hashicorp/null\"]",
      "instances": [
        {
          "schema_version": 0,
          "attributes": {
            "id": "8740649867472925394",
            "triggers": null
          },
          "sensitive_attributes": [],
          "private": "bnVsbA==",
          "dependencies": [
            "local_file.inventory",
            "null_resource.cluster",
            "null_resource.wait",
            "yandex_compute_instance.node01",
            "yandex_compute_instance.node02",
            "yandex_compute_instance.node03",
            "yandex_compute_instance.node04",
            "yandex_compute_instance.node05",
            "yandex_compute_instance.node06",
            "yandex_vpc_network.default",
            "yandex_vpc_subnet.default"
          ]
        }
      ]
    },
    {
      "mode": "managed",
      "type": "null_resource",
      "name": "wait",
      "provider": "provider[\"registry.terraform.io/hashicorp/null\"]",
      "instances": [
        {
          "schema_version": 0,
          "attributes": {
            "id": "8010119061555473136",
            "triggers": null
          },
          "sensitive_attributes": [],
          "private": "bnVsbA==",
          "dependencies": [
            "local_file.inventory",
            "yandex_compute_instance.node01",
            "yandex_compute_instance.node02",
            "yandex_compute_instance.node03",
            "yandex_compute_instance.node04",
            "yandex_compute_instance.node05",
            "yandex_compute_instance.node06",
            "yandex_vpc_network.default",
            "yandex_vpc_subnet.default"
          ]
        }
      ]
    },
    {
      "mode": "managed",
      "type": "yandex_compute_instance",
      "name": "node01",
      "provider": "provider[\"registry.terraform.io/yandex-cloud/yandex\"]",
      "instances": [
        {
          "schema_version": 1,
          "attributes": {
            "allow_recreate": null,
            "allow_stopping_for_update": true,
            "boot_disk": [
              {
                "auto_delete": true,
                "device_name": "fhm3nrr5v8avd4m06ba5",
                "disk_id": "fhm3nrr5v8avd4m06ba5",
                "initialize_params": [
                  {
                    "block_size": 4096,
                    "description": "",
                    "image_id": "fd89lufs46q6p1uc5pb9",
                    "name": "root-node01",
                    "size": 10,
                    "snapshot_id": "",
                    "type": "network-ssd"
                  }
                ],
                "mode": "READ_WRITE"
              }
            ],
            "created_at": "2022-09-06T18:09:09Z",
            "description": "",
            "folder_id": "b1gc22hb8qh4vnqotgc7",
            "fqdn": "node01.netology.yc",
            "hostname": "node01.netology.yc",
            "id": "fhm3234gag76t6s9ir7a",
            "labels": null,
            "local_disk": [],
            "metadata": {
              "ssh-keys": "centos:ssh-rsa AAAAB3NzaC1yc2EAAAADAQABAAACAQDt1mBcLMBDh1MkBids0Gmdq4FBlQiWOoUAmrOijs73b+Ge1MxXsuc5hoA44YWrKNNWD4LfGyT32UL2VHqd1EOKGD3poQPbDEE0qo3SIedND8Th5vifUNblWJPvCM2oMoncnAea6EU5J1WQkSPm5jDHHn5UUHsdV+4O6pIFpAM1mVbHC/FtoTtjar8b16mhfjMoH/7yhiIHmsfQhNl+nOYcsGBczet8Kay7eKBV8pvv7u4gc8/rQ41OQ2Hzf64ZQYGf5L4RLh9+qBgMExCPSGyRZMWV8in7t6yDiWVC6IYtbTJRwjaWQ0oRmseqBpBnKtH9FAR4t54hp6/F4gL3TFwCSD+KtmT4o3iYNJUDcECFqA4yApOcukskUvbVS7FsScQmO3h4i+moDISkJKl5gC3lROmHthFfxm1N+8OcwAWZuNAFJJONrvVmf1Gt/4Zzk9H/16sdzVUBf6+kiBcZ5D5Cavfy5+BwB5Tyt0pVQIv1BxPJ5yNh3+8wYsztLgRYHytoYfvuIb7NgxKhhRpYb7VFNjOqYGGFW/0Jz6f7iI5BvFS91EA/RgWSt9oGdaZRL08cst85cEy7unqdgDDnJWCEnvOf0RCvK7MdqfzH8GWVLgD6X9ocTf5xyDbgh63DOgc67f/ARtkPISoi81mSc8/8oxjKKYpEI93jC4hLq1badw== phantom_intel@mail.ru\n"
            },
            "name": "node01",
            "network_acceleration_type": "standard",
            "network_interface": [
              {
                "dns_record": [],
                "index": 0,
                "ip_address": "192.168.101.11",
                "ipv4": true,
                "ipv6": false,
                "ipv6_address": "",
                "ipv6_dns_record": [],
                "mac_address": "d0:0d:31:0c:90:54",
                "nat": true,
                "nat_dns_record": [],
                "nat_ip_address": "51.250.86.63",
                "nat_ip_version": "IPV4",
                "security_group_ids": [],
                "subnet_id": "e9b1pvb1aqpsoidu8mfb"
              }
            ],
            "placement_policy": [
              {
                "host_affinity_rules": [],
                "placement_group_id": ""
              }
            ],
            "platform_id": "standard-v1",
            "resources": [
              {
                "core_fraction": 100,
                "cores": 4,
                "gpus": 0,
                "memory": 8
              }
            ],
            "scheduling_policy": [
              {
                "preemptible": false
              }
            ],
            "secondary_disk": [],
            "service_account_id": "",
            "status": "running",
            "timeouts": null,
            "zone": "ru-central1-a"
          },
          "sensitive_attributes": [],
          "private": "eyJlMmJmYjczMC1lY2FhLTExZTYtOGY4OC0zNDM2M2JjN2M0YzAiOnsiY3JlYXRlIjozMDAwMDAwMDAwMDAsImRlbGV0ZSI6MzAwMDAwMDAwMDAwLCJ1cGRhdGUiOjMwMDAwMDAwMDAwMH0sInNjaGVtYV92ZXJzaW9uIjoiMSJ9",
          "dependencies": [
            "yandex_vpc_network.default",
            "yandex_vpc_subnet.default"
          ]
        }
      ]
    },
    {
      "mode": "managed",
      "type": "yandex_compute_instance",
      "name": "node02",
      "provider": "provider[\"registry.terraform.io/yandex-cloud/yandex\"]",
      "instances": [
        {
          "schema_version": 1,
          "attributes": {
            "allow_recreate": null,
            "allow_stopping_for_update": true,
            "boot_disk": [
              {
                "auto_delete": true,
                "device_name": "fhm1269utomph2eupf57",
                "disk_id": "fhm1269utomph2eupf57",
                "initialize_params": [
                  {
                    "block_size": 4096,
                    "description": "",
                    "image_id": "fd89lufs46q6p1uc5pb9",
                    "name": "root-node02",
                    "size": 10,
                    "snapshot_id": "",
                    "type": "network-ssd"
                  }
                ],
                "mode": "READ_WRITE"
              }
            ],
            "created_at": "2022-09-06T18:09:09Z",
            "description": "",
            "folder_id": "b1gc22hb8qh4vnqotgc7",
            "fqdn": "node02.netology.yc",
            "hostname": "node02.netology.yc",
            "id": "fhmjjphk1t10pv39f741",
            "labels": null,
            "local_disk": [],
            "metadata": {
              "ssh-keys": "centos:ssh-rsa AAAAB3NzaC1yc2EAAAADAQABAAACAQDt1mBcLMBDh1MkBids0Gmdq4FBlQiWOoUAmrOijs73b+Ge1MxXsuc5hoA44YWrKNNWD4LfGyT32UL2VHqd1EOKGD3poQPbDEE0qo3SIedND8Th5vifUNblWJPvCM2oMoncnAea6EU5J1WQkSPm5jDHHn5UUHsdV+4O6pIFpAM1mVbHC/FtoTtjar8b16mhfjMoH/7yhiIHmsfQhNl+nOYcsGBczet8Kay7eKBV8pvv7u4gc8/rQ41OQ2Hzf64ZQYGf5L4RLh9+qBgMExCPSGyRZMWV8in7t6yDiWVC6IYtbTJRwjaWQ0oRmseqBpBnKtH9FAR4t54hp6/F4gL3TFwCSD+KtmT4o3iYNJUDcECFqA4yApOcukskUvbVS7FsScQmO3h4i+moDISkJKl5gC3lROmHthFfxm1N+8OcwAWZuNAFJJONrvVmf1Gt/4Zzk9H/16sdzVUBf6+kiBcZ5D5Cavfy5+BwB5Tyt0pVQIv1BxPJ5yNh3+8wYsztLgRYHytoYfvuIb7NgxKhhRpYb7VFNjOqYGGFW/0Jz6f7iI5BvFS91EA/RgWSt9oGdaZRL08cst85cEy7unqdgDDnJWCEnvOf0RCvK7MdqfzH8GWVLgD6X9ocTf5xyDbgh63DOgc67f/ARtkPISoi81mSc8/8oxjKKYpEI93jC4hLq1badw== phantom_intel@mail.ru\n"
            },
            "name": "node02",
            "network_acceleration_type": "standard",
            "network_interface": [
              {
                "dns_record": [],
                "index": 0,
                "ip_address": "192.168.101.12",
                "ipv4": true,
                "ipv6": false,
                "ipv6_address": "",
                "ipv6_dns_record": [],
                "mac_address": "d0:0d:13:9e:63:40",
                "nat": true,
                "nat_dns_record": [],
                "nat_ip_address": "51.250.85.37",
                "nat_ip_version": "IPV4",
                "security_group_ids": [],
                "subnet_id": "e9b1pvb1aqpsoidu8mfb"
              }
            ],
            "placement_policy": [
              {
                "host_affinity_rules": [],
                "placement_group_id": ""
              }
            ],
            "platform_id": "standard-v1",
            "resources": [
              {
                "core_fraction": 100,
                "cores": 4,
                "gpus": 0,
                "memory": 8
              }
            ],
            "scheduling_policy": [
              {
                "preemptible": false
              }
            ],
            "secondary_disk": [],
            "service_account_id": "",
            "status": "running",
            "timeouts": null,
            "zone": "ru-central1-a"
          },
          "sensitive_attributes": [],
          "private": "eyJlMmJmYjczMC1lY2FhLTExZTYtOGY4OC0zNDM2M2JjN2M0YzAiOnsiY3JlYXRlIjozMDAwMDAwMDAwMDAsImRlbGV0ZSI6MzAwMDAwMDAwMDAwLCJ1cGRhdGUiOjMwMDAwMDAwMDAwMH0sInNjaGVtYV92ZXJzaW9uIjoiMSJ9",
          "dependencies": [
            "yandex_vpc_network.default",
            "yandex_vpc_subnet.default"
          ]
        }
      ]
    },
    {
      "mode": "managed",
      "type": "yandex_compute_instance",
      "name": "node03",
      "provider": "provider[\"registry.terraform.io/yandex-cloud/yandex\"]",
      "instances": [
        {
          "schema_version": 1,
          "attributes": {
            "allow_recreate": null,
            "allow_stopping_for_update": true,
            "boot_disk": [
              {
                "auto_delete": true,
                "device_name": "fhmvtook1moqpnnmvh9d",
                "disk_id": "fhmvtook1moqpnnmvh9d",
                "initialize_params": [
                  {
                    "block_size": 4096,
                    "description": "",
                    "image_id": "fd89lufs46q6p1uc5pb9",
                    "name": "root-node03",
                    "size": 10,
                    "snapshot_id": "",
                    "type": "network-ssd"
                  }
                ],
                "mode": "READ_WRITE"
              }
            ],
            "created_at": "2022-09-06T18:09:09Z",
            "description": "",
            "folder_id": "b1gc22hb8qh4vnqotgc7",
            "fqdn": "node03.netology.yc",
            "hostname": "node03.netology.yc",
            "id": "fhmggnt4rr1n3k61tpld",
            "labels": null,
            "local_disk": [],
            "metadata": {
              "ssh-keys": "centos:ssh-rsa AAAAB3NzaC1yc2EAAAADAQABAAACAQDt1mBcLMBDh1MkBids0Gmdq4FBlQiWOoUAmrOijs73b+Ge1MxXsuc5hoA44YWrKNNWD4LfGyT32UL2VHqd1EOKGD3poQPbDEE0qo3SIedND8Th5vifUNblWJPvCM2oMoncnAea6EU5J1WQkSPm5jDHHn5UUHsdV+4O6pIFpAM1mVbHC/FtoTtjar8b16mhfjMoH/7yhiIHmsfQhNl+nOYcsGBczet8Kay7eKBV8pvv7u4gc8/rQ41OQ2Hzf64ZQYGf5L4RLh9+qBgMExCPSGyRZMWV8in7t6yDiWVC6IYtbTJRwjaWQ0oRmseqBpBnKtH9FAR4t54hp6/F4gL3TFwCSD+KtmT4o3iYNJUDcECFqA4yApOcukskUvbVS7FsScQmO3h4i+moDISkJKl5gC3lROmHthFfxm1N+8OcwAWZuNAFJJONrvVmf1Gt/4Zzk9H/16sdzVUBf6+kiBcZ5D5Cavfy5+BwB5Tyt0pVQIv1BxPJ5yNh3+8wYsztLgRYHytoYfvuIb7NgxKhhRpYb7VFNjOqYGGFW/0Jz6f7iI5BvFS91EA/RgWSt9oGdaZRL08cst85cEy7unqdgDDnJWCEnvOf0RCvK7MdqfzH8GWVLgD6X9ocTf5xyDbgh63DOgc67f/ARtkPISoi81mSc8/8oxjKKYpEI93jC4hLq1badw== phantom_intel@mail.ru\n"
            },
            "name": "node03",
            "network_acceleration_type": "standard",
            "network_interface": [
              {
                "dns_record": [],
                "index": 0,
                "ip_address": "192.168.101.13",
                "ipv4": true,
                "ipv6": false,
                "ipv6_address": "",
                "ipv6_dns_record": [],
                "mac_address": "d0:0d:10:85:fa:4d",
                "nat": true,
                "nat_dns_record": [],
                "nat_ip_address": "51.250.83.220",
                "nat_ip_version": "IPV4",
                "security_group_ids": [],
                "subnet_id": "e9b1pvb1aqpsoidu8mfb"
              }
            ],
            "placement_policy": [
              {
                "host_affinity_rules": [],
                "placement_group_id": ""
              }
            ],
            "platform_id": "standard-v1",
            "resources": [
              {
                "core_fraction": 100,
                "cores": 4,
                "gpus": 0,
                "memory": 8
              }
            ],
            "scheduling_policy": [
              {
                "preemptible": false
              }
            ],
            "secondary_disk": [],
            "service_account_id": "",
            "status": "running",
            "timeouts": null,
            "zone": "ru-central1-a"
          },
          "sensitive_attributes": [],
          "private": "eyJlMmJmYjczMC1lY2FhLTExZTYtOGY4OC0zNDM2M2JjN2M0YzAiOnsiY3JlYXRlIjozMDAwMDAwMDAwMDAsImRlbGV0ZSI6MzAwMDAwMDAwMDAwLCJ1cGRhdGUiOjMwMDAwMDAwMDAwMH0sInNjaGVtYV92ZXJzaW9uIjoiMSJ9",
          "dependencies": [
            "yandex_vpc_network.default",
            "yandex_vpc_subnet.default"
          ]
        }
      ]
    },
    {
      "mode": "managed",
      "type": "yandex_compute_instance",
      "name": "node04",
      "provider": "provider[\"registry.terraform.io/yandex-cloud/yandex\"]",
      "instances": [
        {
          "schema_version": 1,
          "attributes": {
            "allow_recreate": null,
            "allow_stopping_for_update": true,
            "boot_disk": [
              {
                "auto_delete": true,
                "device_name": "fhmvrkui820sg3vk9r8a",
                "disk_id": "fhmvrkui820sg3vk9r8a",
                "initialize_params": [
                  {
                    "block_size": 4096,
                    "description": "",
                    "image_id": "fd89lufs46q6p1uc5pb9",
                    "name": "root-node04",
                    "size": 40,
                    "snapshot_id": "",
                    "type": "network-ssd"
                  }
                ],
                "mode": "READ_WRITE"
              }
            ],
            "created_at": "2022-09-06T18:09:09Z",
            "description": "",
            "folder_id": "b1gc22hb8qh4vnqotgc7",
            "fqdn": "node04.netology.yc",
            "hostname": "node04.netology.yc",
            "id": "fhmbncrfmlrrnj2ri3s4",
            "labels": null,
            "local_disk": [],
            "metadata": {
              "ssh-keys": "centos:ssh-rsa AAAAB3NzaC1yc2EAAAADAQABAAACAQDt1mBcLMBDh1MkBids0Gmdq4FBlQiWOoUAmrOijs73b+Ge1MxXsuc5hoA44YWrKNNWD4LfGyT32UL2VHqd1EOKGD3poQPbDEE0qo3SIedND8Th5vifUNblWJPvCM2oMoncnAea6EU5J1WQkSPm5jDHHn5UUHsdV+4O6pIFpAM1mVbHC/FtoTtjar8b16mhfjMoH/7yhiIHmsfQhNl+nOYcsGBczet8Kay7eKBV8pvv7u4gc8/rQ41OQ2Hzf64ZQYGf5L4RLh9+qBgMExCPSGyRZMWV8in7t6yDiWVC6IYtbTJRwjaWQ0oRmseqBpBnKtH9FAR4t54hp6/F4gL3TFwCSD+KtmT4o3iYNJUDcECFqA4yApOcukskUvbVS7FsScQmO3h4i+moDISkJKl5gC3lROmHthFfxm1N+8OcwAWZuNAFJJONrvVmf1Gt/4Zzk9H/16sdzVUBf6+kiBcZ5D5Cavfy5+BwB5Tyt0pVQIv1BxPJ5yNh3+8wYsztLgRYHytoYfvuIb7NgxKhhRpYb7VFNjOqYGGFW/0Jz6f7iI5BvFS91EA/RgWSt9oGdaZRL08cst85cEy7unqdgDDnJWCEnvOf0RCvK7MdqfzH8GWVLgD6X9ocTf5xyDbgh63DOgc67f/ARtkPISoi81mSc8/8oxjKKYpEI93jC4hLq1badw== phantom_intel@mail.ru\n"
            },
            "name": "node04",
            "network_acceleration_type": "standard",
            "network_interface": [
              {
                "dns_record": [],
                "index": 0,
                "ip_address": "192.168.101.14",
                "ipv4": true,
                "ipv6": false,
                "ipv6_address": "",
                "ipv6_dns_record": [],
                "mac_address": "d0:0d:bb:b3:6f:b5",
                "nat": true,
                "nat_dns_record": [],
                "nat_ip_address": "51.250.70.68",
                "nat_ip_version": "IPV4",
                "security_group_ids": [],
                "subnet_id": "e9b1pvb1aqpsoidu8mfb"
              }
            ],
            "placement_policy": [
              {
                "host_affinity_rules": [],
                "placement_group_id": ""
              }
            ],
            "platform_id": "standard-v1",
            "resources": [
              {
                "core_fraction": 100,
                "cores": 4,
                "gpus": 0,
                "memory": 8
              }
            ],
            "scheduling_policy": [
              {
                "preemptible": false
              }
            ],
            "secondary_disk": [],
            "service_account_id": "",
            "status": "running",
            "timeouts": null,
            "zone": "ru-central1-a"
          },
          "sensitive_attributes": [],
          "private": "eyJlMmJmYjczMC1lY2FhLTExZTYtOGY4OC0zNDM2M2JjN2M0YzAiOnsiY3JlYXRlIjozMDAwMDAwMDAwMDAsImRlbGV0ZSI6MzAwMDAwMDAwMDAwLCJ1cGRhdGUiOjMwMDAwMDAwMDAwMH0sInNjaGVtYV92ZXJzaW9uIjoiMSJ9",
          "dependencies": [
            "yandex_vpc_network.default",
            "yandex_vpc_subnet.default"
          ]
        }
      ]
    },
    {
      "mode": "managed",
      "type": "yandex_compute_instance",
      "name": "node05",
      "provider": "provider[\"registry.terraform.io/yandex-cloud/yandex\"]",
      "instances": [
        {
          "schema_version": 1,
          "attributes": {
            "allow_recreate": null,
            "allow_stopping_for_update": true,
            "boot_disk": [
              {
                "auto_delete": true,
                "device_name": "fhml3cqpja9bthopo3r6",
                "disk_id": "fhml3cqpja9bthopo3r6",
                "initialize_params": [
                  {
                    "block_size": 4096,
                    "description": "",
                    "image_id": "fd89lufs46q6p1uc5pb9",
                    "name": "root-node05",
                    "size": 40,
                    "snapshot_id": "",
                    "type": "network-ssd"
                  }
                ],
                "mode": "READ_WRITE"
              }
            ],
            "created_at": "2022-09-06T18:09:09Z",
            "description": "",
            "folder_id": "b1gc22hb8qh4vnqotgc7",
            "fqdn": "node05.netology.yc",
            "hostname": "node05.netology.yc",
            "id": "fhmrc7paql7nktscp56t",
            "labels": null,
            "local_disk": [],
            "metadata": {
              "ssh-keys": "centos:ssh-rsa AAAAB3NzaC1yc2EAAAADAQABAAACAQDt1mBcLMBDh1MkBids0Gmdq4FBlQiWOoUAmrOijs73b+Ge1MxXsuc5hoA44YWrKNNWD4LfGyT32UL2VHqd1EOKGD3poQPbDEE0qo3SIedND8Th5vifUNblWJPvCM2oMoncnAea6EU5J1WQkSPm5jDHHn5UUHsdV+4O6pIFpAM1mVbHC/FtoTtjar8b16mhfjMoH/7yhiIHmsfQhNl+nOYcsGBczet8Kay7eKBV8pvv7u4gc8/rQ41OQ2Hzf64ZQYGf5L4RLh9+qBgMExCPSGyRZMWV8in7t6yDiWVC6IYtbTJRwjaWQ0oRmseqBpBnKtH9FAR4t54hp6/F4gL3TFwCSD+KtmT4o3iYNJUDcECFqA4yApOcukskUvbVS7FsScQmO3h4i+moDISkJKl5gC3lROmHthFfxm1N+8OcwAWZuNAFJJONrvVmf1Gt/4Zzk9H/16sdzVUBf6+kiBcZ5D5Cavfy5+BwB5Tyt0pVQIv1BxPJ5yNh3+8wYsztLgRYHytoYfvuIb7NgxKhhRpYb7VFNjOqYGGFW/0Jz6f7iI5BvFS91EA/RgWSt9oGdaZRL08cst85cEy7unqdgDDnJWCEnvOf0RCvK7MdqfzH8GWVLgD6X9ocTf5xyDbgh63DOgc67f/ARtkPISoi81mSc8/8oxjKKYpEI93jC4hLq1badw== phantom_intel@mail.ru\n"
            },
            "name": "node05",
            "network_acceleration_type": "standard",
            "network_interface": [
              {
                "dns_record": [],
                "index": 0,
                "ip_address": "192.168.101.15",
                "ipv4": true,
                "ipv6": false,
                "ipv6_address": "",
                "ipv6_dns_record": [],
                "mac_address": "d0:0d:1b:61:f2:ad",
                "nat": true,
                "nat_dns_record": [],
                "nat_ip_address": "51.250.72.1",
                "nat_ip_version": "IPV4",
                "security_group_ids": [],
                "subnet_id": "e9b1pvb1aqpsoidu8mfb"
              }
            ],
            "placement_policy": [
              {
                "host_affinity_rules": [],
                "placement_group_id": ""
              }
            ],
            "platform_id": "standard-v1",
            "resources": [
              {
                "core_fraction": 100,
                "cores": 4,
                "gpus": 0,
                "memory": 8
              }
            ],
            "scheduling_policy": [
              {
                "preemptible": false
              }
            ],
            "secondary_disk": [],
            "service_account_id": "",
            "status": "running",
            "timeouts": null,
            "zone": "ru-central1-a"
          },
          "sensitive_attributes": [],
          "private": "eyJlMmJmYjczMC1lY2FhLTExZTYtOGY4OC0zNDM2M2JjN2M0YzAiOnsiY3JlYXRlIjozMDAwMDAwMDAwMDAsImRlbGV0ZSI6MzAwMDAwMDAwMDAwLCJ1cGRhdGUiOjMwMDAwMDAwMDAwMH0sInNjaGVtYV92ZXJzaW9uIjoiMSJ9",
          "dependencies": [
            "yandex_vpc_network.default",
            "yandex_vpc_subnet.default"
          ]
        }
      ]
    },
    {
      "mode": "managed",
      "type": "yandex_compute_instance",
      "name": "node06",
      "provider": "provider[\"registry.terraform.io/yandex-cloud/yandex\"]",
      "instances": [
        {
          "schema_version": 1,
          "attributes": {
            "allow_recreate": null,
            "allow_stopping_for_update": true,
            "boot_disk": [
              {
                "auto_delete": true,
                "device_name": "fhmldk9qkbk3g23m9t94",
                "disk_id": "fhmldk9qkbk3g23m9t94",
                "initialize_params": [
                  {
                    "block_size": 4096,
                    "description": "",
                    "image_id": "fd89lufs46q6p1uc5pb9",
                    "name": "root-node06",
                    "size": 40,
                    "snapshot_id": "",
                    "type": "network-ssd"
                  }
                ],
                "mode": "READ_WRITE"
              }
            ],
            "created_at": "2022-09-06T18:09:09Z",
            "description": "",
            "folder_id": "b1gc22hb8qh4vnqotgc7",
            "fqdn": "node06.netology.yc",
            "hostname": "node06.netology.yc",
            "id": "fhmkd8blqsm53gdfh2la",
            "labels": null,
            "local_disk": [],
            "metadata": {
              "ssh-keys": "centos:ssh-rsa AAAAB3NzaC1yc2EAAAADAQABAAACAQDt1mBcLMBDh1MkBids0Gmdq4FBlQiWOoUAmrOijs73b+Ge1MxXsuc5hoA44YWrKNNWD4LfGyT32UL2VHqd1EOKGD3poQPbDEE0qo3SIedND8Th5vifUNblWJPvCM2oMoncnAea6EU5J1WQkSPm5jDHHn5UUHsdV+4O6pIFpAM1mVbHC/FtoTtjar8b16mhfjMoH/7yhiIHmsfQhNl+nOYcsGBczet8Kay7eKBV8pvv7u4gc8/rQ41OQ2Hzf64ZQYGf5L4RLh9+qBgMExCPSGyRZMWV8in7t6yDiWVC6IYtbTJRwjaWQ0oRmseqBpBnKtH9FAR4t54hp6/F4gL3TFwCSD+KtmT4o3iYNJUDcECFqA4yApOcukskUvbVS7FsScQmO3h4i+moDISkJKl5gC3lROmHthFfxm1N+8OcwAWZuNAFJJONrvVmf1Gt/4Zzk9H/16sdzVUBf6+kiBcZ5D5Cavfy5+BwB5Tyt0pVQIv1BxPJ5yNh3+8wYsztLgRYHytoYfvuIb7NgxKhhRpYb7VFNjOqYGGFW/0Jz6f7iI5BvFS91EA/RgWSt9oGdaZRL08cst85cEy7unqdgDDnJWCEnvOf0RCvK7MdqfzH8GWVLgD6X9ocTf5xyDbgh63DOgc67f/ARtkPISoi81mSc8/8oxjKKYpEI93jC4hLq1badw== phantom_intel@mail.ru\n"
            },
            "name": "node06",
            "network_acceleration_type": "standard",
            "network_interface": [
              {
                "dns_record": [],
                "index": 0,
                "ip_address": "192.168.101.16",
                "ipv4": true,
                "ipv6": false,
                "ipv6_address": "",
                "ipv6_dns_record": [],
                "mac_address": "d0:0d:14:6a:17:5d",
                "nat": true,
                "nat_dns_record": [],
                "nat_ip_address": "51.250.81.158",
                "nat_ip_version": "IPV4",
                "security_group_ids": [],
                "subnet_id": "e9b1pvb1aqpsoidu8mfb"
              }
            ],
            "placement_policy": [
              {
                "host_affinity_rules": [],
                "placement_group_id": ""
              }
            ],
            "platform_id": "standard-v1",
            "resources": [
              {
                "core_fraction": 100,
                "cores": 4,
                "gpus": 0,
                "memory": 8
              }
            ],
            "scheduling_policy": [
              {
                "preemptible": false
              }
            ],
            "secondary_disk": [],
            "service_account_id": "",
            "status": "running",
            "timeouts": null,
            "zone": "ru-central1-a"
          },
          "sensitive_attributes": [],
          "private": "eyJlMmJmYjczMC1lY2FhLTExZTYtOGY4OC0zNDM2M2JjN2M0YzAiOnsiY3JlYXRlIjozMDAwMDAwMDAwMDAsImRlbGV0ZSI6MzAwMDAwMDAwMDAwLCJ1cGRhdGUiOjMwMDAwMDAwMDAwMH0sInNjaGVtYV92ZXJzaW9uIjoiMSJ9",
          "dependencies": [
            "yandex_vpc_network.default",
            "yandex_vpc_subnet.default"
          ]
        }
      ]
    },
    {
      "mode": "managed",
      "type": "yandex_vpc_network",
      "name": "default",
      "provider": "provider[\"registry.terraform.io/yandex-cloud/yandex\"]",
      "instances": [
        {
          "schema_version": 0,
          "attributes": {
            "created_at": "2022-09-06T18:09:07Z",
            "default_security_group_id": "",
            "description": "",
            "folder_id": "b1gc22hb8qh4vnqotgc7",
            "id": "enpi4oflb1u4b7qsr50f",
            "labels": {},
            "name": "net",
            "subnet_ids": [],
            "timeouts": null
          },
          "sensitive_attributes": [],
          "private": "eyJlMmJmYjczMC1lY2FhLTExZTYtOGY4OC0zNDM2M2JjN2M0YzAiOnsiY3JlYXRlIjo2MDAwMDAwMDAwMCwiZGVsZXRlIjo2MDAwMDAwMDAwMCwidXBkYXRlIjo2MDAwMDAwMDAwMH19"
        }
      ]
    },
    {
      "mode": "managed",
      "type": "yandex_vpc_subnet",
      "name": "default",
      "provider": "provider[\"registry.terraform.io/yandex-cloud/yandex\"]",
      "instances": [
        {
          "schema_version": 0,
          "attributes": {
            "created_at": "2022-09-06T18:09:08Z",
            "description": "",
            "dhcp_options": [],
            "folder_id": "b1gc22hb8qh4vnqotgc7",
            "id": "e9b1pvb1aqpsoidu8mfb",
            "labels": {},
            "name": "subnet",
            "network_id": "enpi4oflb1u4b7qsr50f",
            "route_table_id": "",
            "timeouts": null,
            "v4_cidr_blocks": [
              "192.168.101.0/24"
            ],
            "v6_cidr_blocks": [],
            "zone": "ru-central1-a"
          },
          "sensitive_attributes": [],
          "private": "eyJlMmJmYjczMC1lY2FhLTExZTYtOGY4OC0zNDM2M2JjN2M0YzAiOnsiY3JlYXRlIjoxODAwMDAwMDAwMDAsImRlbGV0ZSI6MTgwMDAwMDAwMDAwLCJ1cGRhdGUiOjE4MDAwMDAwMDAwMH19",
          "dependencies": [
            "yandex_vpc_network.default"
          ]
        }
      ]
    }
  ]
}
